<?xml version="1.0" encoding="utf-8"?>
<Project ToolsVersion="4.0" xmlns="http://schemas.microsoft.com/developer/msbuild/2003">
  <ItemGroup>
    <Filter Include="Source">
      <UniqueIdentifier>{6858daaa-d41e-45ac-93b6-2a98476b2fd6}</UniqueIdentifier>
    </Filter>
    <Filter Include="Source\Application">
      <UniqueIdentifier>{16eb0b26-405b-42e8-b054-6779454ac5bd}</UniqueIdentifier>
    </Filter>
    <Filter Include="Source\Graphics">
      <UniqueIdentifier>{8b0e668d-f763-4c94-b954-8a437972081e}</UniqueIdentifier>
    </Filter>
    <Filter Include="Source\System">
      <UniqueIdentifier>{1beaf176-1a68-4ae2-b0cc-6feefa05a0ca}</UniqueIdentifier>
    </Filter>
    <Filter Include="Source\System\Window">
      <UniqueIdentifier>{bd7cf189-f7a6-4131-8d0a-5603af019765}</UniqueIdentifier>
    </Filter>
    <Filter Include="Source\System\Utility">
      <UniqueIdentifier>{b58f495f-6f11-470c-8cc0-2e66b9e0e3be}</UniqueIdentifier>
    </Filter>
    <Filter Include="Source\Graphics\RTVHeap">
      <UniqueIdentifier>{58750fca-6d08-4439-b9f5-0ebbe4886e8c}</UniqueIdentifier>
    </Filter>
  </ItemGroup>
  <ItemGroup>
    <ClInclude Include="Source\Application\Application.h">
      <Filter>Source\Application</Filter>
    </ClInclude>
    <ClInclude Include="Source\Pch.h">
      <Filter>Source</Filter>
    </ClInclude>
    <ClInclude Include="Source\System\Window\Window.h">
      <Filter>Source\System\Window</Filter>
    </ClInclude>
    <ClInclude Include="Source\System\Utility\Utility.h">
      <Filter>Source\System\Utility</Filter>
    </ClInclude>
    <ClInclude Include="Source\System\System.h">
      <Filter>Source\System</Filter>
    </ClInclude>
    <ClInclude Include="Source\Graphics\GraphicsDevice.h">
      <Filter>Source\Graphics</Filter>
    </ClInclude>
    <ClInclude Include="Source\Graphics\RTVHeap\RTVHeap.h">
      <Filter>Source\Graphics\RTVHeap</Filter>
    </ClInclude>
  </ItemGroup>
  <ItemGroup>
    <ClCompile Include="Source\Application\Application.cpp">
      <Filter>Source\Application</Filter>
    </ClCompile>
    <ClCompile Include="Source\Pch.cpp">
      <Filter>Source</Filter>
    </ClCompile>
    <ClCompile Include="Source\System\Window\Window.cpp">
      <Filter>Source\System\Window</Filter>
    </ClCompile>
    <ClCompile Include="Source\System\Utility\Utility.cpp">
      <Filter>Source\System\Utility</Filter>
    </ClCompile>
    <ClCompile Include="Source\Graphics\GraphicsDevice.cpp">
      <Filter>Source\Graphics</Filter>
    </ClCompile>
    <ClCompile Include="Source\Graphics\RTVHeap\RTVHeap.cpp">
      <Filter>Source\Graphics\RTVHeap</Filter>
    </ClCompile>
  </ItemGroup>
  <ItemGroup>
    <None Include="packages.config" />
  </ItemGroup>
</Project>